
Microsoft Visual Studio Solution File, Format Version 12.00
# Visual Studio Version 17
VisualStudioVersion = 17.11.35208.52
MinimumVisualStudioVersion = 10.0.40219.1
Project("{FAE04EC0-301F-11D3-BF4B-00C04F79EFBC}") = "Wpftest", "Wpftest\Wpftest.csproj", "{2AF88393-62BC-402C-93F6-4F40F55C1444}"
EndProject
Global
	GlobalSection(SolutionConfigurationPlatforms) = preSolution
		Debug|Any CPU = Debug|Any CPU
		Release|Any CPU = Release|Any CPU
	EndGlobalSection
	GlobalSection(ProjectConfigurationPlatforms) = postSolution
		{2AF88393-62BC-402C-93F6-4F40F55C1444}.Debug|Any CPU.ActiveCfg = Debug|Any CPU
		{2AF88393-62BC-402C-93F6-4F40F55C1444}.Debug|Any CPU.Build.0 = Debug|Any CPU
		{2AF88393-62BC-402C-93F6-4F40F55C1444}.Release|Any CPU.ActiveCfg = Release|Any CPU
		{2AF88393-62BC-402C-93F6-4F40F55C1444}.Release|Any CPU.Build.0 = Release|Any CPU
	EndGlobalSection
	GlobalSection(SolutionProperties) = preSolution
		HideSolutionNode = FALSE
	EndGlobalSection
	GlobalSection(ExtensibilityGlobals) = postSolution
		SolutionGuid = {B96FC3B8-C627-4F75-A9A6-DC4CBE78FF90}
	EndGlobalSection
EndGlobal
